// !$*UTF8*$!
{
	archiveVersion = 1;
	classes = {
	};
	objectVersion = 50;
	objects = {

/* Begin PBXBuildFile section */
		CF4920D0267B6714003A4716 /* TeamDetailItemType.swift in Sources */ = {isa = PBXBuildFile; fileRef = CF4920CF267B6714003A4716 /* TeamDetailItemType.swift */; };
		CF4920D3267B679C003A4716 /* TeamDetailItem.swift in Sources */ = {isa = PBXBuildFile; fileRef = CF4920D2267B679C003A4716 /* TeamDetailItem.swift */; };
		CF4920D6267B67E8003A4716 /* BannerItem.swift in Sources */ = {isa = PBXBuildFile; fileRef = CF4920D5267B67E8003A4716 /* BannerItem.swift */; };
		CF4920D9267B68AC003A4716 /* InfoItem.swift in Sources */ = {isa = PBXBuildFile; fileRef = CF4920D8267B68AC003A4716 /* InfoItem.swift */; };
		CF4920E5267B6B21003A4716 /* BannerItemCell.swift in Sources */ = {isa = PBXBuildFile; fileRef = CF4920E3267B6B21003A4716 /* BannerItemCell.swift */; };
		CF4920E6267B6B21003A4716 /* BannerItemCell.xib in Resources */ = {isa = PBXBuildFile; fileRef = CF4920E4267B6B21003A4716 /* BannerItemCell.xib */; };
		CF4920EB267B6B37003A4716 /* InfoItemCell.swift in Sources */ = {isa = PBXBuildFile; fileRef = CF4920E9267B6B37003A4716 /* InfoItemCell.swift */; };
		CF4920EC267B6B37003A4716 /* InfoItemCell.xib in Resources */ = {isa = PBXBuildFile; fileRef = CF4920EA267B6B37003A4716 /* InfoItemCell.xib */; };
		CF4920F0267B7251003A4716 /* UIImageView.swift in Sources */ = {isa = PBXBuildFile; fileRef = CF4920EF267B7251003A4716 /* UIImageView.swift */; };
		CF492103267B76BE003A4716 /* TeamDetailVC.swift in Sources */ = {isa = PBXBuildFile; fileRef = CF492101267B76BE003A4716 /* TeamDetailVC.swift */; };
		CF492104267B76BE003A4716 /* TeamDetailVC.xib in Resources */ = {isa = PBXBuildFile; fileRef = CF492102267B76BE003A4716 /* TeamDetailVC.xib */; };
		CF79913C26773F5300B00F54 /* AppDelegate.swift in Sources */ = {isa = PBXBuildFile; fileRef = CF79913B26773F5300B00F54 /* AppDelegate.swift */; };
		CF79913E26773F5300B00F54 /* SceneDelegate.swift in Sources */ = {isa = PBXBuildFile; fileRef = CF79913D26773F5300B00F54 /* SceneDelegate.swift */; };
		CF79914026773F5300B00F54 /* HomeVC.swift in Sources */ = {isa = PBXBuildFile; fileRef = CF79913F26773F5300B00F54 /* HomeVC.swift */; };
		CF79914326773F5300B00F54 /* Main.storyboard in Resources */ = {isa = PBXBuildFile; fileRef = CF79914126773F5300B00F54 /* Main.storyboard */; };
		CF79914526773F5400B00F54 /* Assets.xcassets in Resources */ = {isa = PBXBuildFile; fileRef = CF79914426773F5400B00F54 /* Assets.xcassets */; };
		CF79914826773F5400B00F54 /* LaunchScreen.storyboard in Resources */ = {isa = PBXBuildFile; fileRef = CF79914626773F5400B00F54 /* LaunchScreen.storyboard */; };
		CF79915A267741B200B00F54 /* TeamCell.swift in Sources */ = {isa = PBXBuildFile; fileRef = CF799158267741B200B00F54 /* TeamCell.swift */; };
		CF79915B267741B200B00F54 /* TeamCell.xib in Resources */ = {isa = PBXBuildFile; fileRef = CF799159267741B200B00F54 /* TeamCell.xib */; };
		CF79915E26774FBA00B00F54 /* FavouritesVC.swift in Sources */ = {isa = PBXBuildFile; fileRef = CF79915D26774FBA00B00F54 /* FavouritesVC.swift */; };
/* End PBXBuildFile section */

/* Begin PBXFileReference section */
		CF4920CF267B6714003A4716 /* TeamDetailItemType.swift */ = {isa = PBXFileReference; lastKnownFileType = sourcecode.swift; path = TeamDetailItemType.swift; sourceTree = "<group>"; };
		CF4920D2267B679C003A4716 /* TeamDetailItem.swift */ = {isa = PBXFileReference; lastKnownFileType = sourcecode.swift; path = TeamDetailItem.swift; sourceTree = "<group>"; };
		CF4920D5267B67E8003A4716 /* BannerItem.swift */ = {isa = PBXFileReference; lastKnownFileType = sourcecode.swift; path = BannerItem.swift; sourceTree = "<group>"; };
		CF4920D8267B68AC003A4716 /* InfoItem.swift */ = {isa = PBXFileReference; lastKnownFileType = sourcecode.swift; path = InfoItem.swift; sourceTree = "<group>"; };
		CF4920E3267B6B21003A4716 /* BannerItemCell.swift */ = {isa = PBXFileReference; lastKnownFileType = sourcecode.swift; path = BannerItemCell.swift; sourceTree = "<group>"; };
		CF4920E4267B6B21003A4716 /* BannerItemCell.xib */ = {isa = PBXFileReference; lastKnownFileType = file.xib; path = BannerItemCell.xib; sourceTree = "<group>"; };
		CF4920E9267B6B37003A4716 /* InfoItemCell.swift */ = {isa = PBXFileReference; lastKnownFileType = sourcecode.swift; path = InfoItemCell.swift; sourceTree = "<group>"; };
		CF4920EA267B6B37003A4716 /* InfoItemCell.xib */ = {isa = PBXFileReference; lastKnownFileType = file.xib; path = InfoItemCell.xib; sourceTree = "<group>"; };
		CF4920EF267B7251003A4716 /* UIImageView.swift */ = {isa = PBXFileReference; lastKnownFileType = sourcecode.swift; path = UIImageView.swift; sourceTree = "<group>"; };
		CF492101267B76BE003A4716 /* TeamDetailVC.swift */ = {isa = PBXFileReference; lastKnownFileType = sourcecode.swift; path = TeamDetailVC.swift; sourceTree = "<group>"; };
		CF492102267B76BE003A4716 /* TeamDetailVC.xib */ = {isa = PBXFileReference; lastKnownFileType = file.xib; path = TeamDetailVC.xib; sourceTree = "<group>"; };
		CF79913826773F5300B00F54 /* Formula 1 Team.app */ = {isa = PBXFileReference; explicitFileType = wrapper.application; includeInIndex = 0; path = "Formula 1 Team.app"; sourceTree = BUILT_PRODUCTS_DIR; };
		CF79913B26773F5300B00F54 /* AppDelegate.swift */ = {isa = PBXFileReference; lastKnownFileType = sourcecode.swift; path = AppDelegate.swift; sourceTree = "<group>"; };
		CF79913D26773F5300B00F54 /* SceneDelegate.swift */ = {isa = PBXFileReference; lastKnownFileType = sourcecode.swift; path = SceneDelegate.swift; sourceTree = "<group>"; };
		CF79913F26773F5300B00F54 /* HomeVC.swift */ = {isa = PBXFileReference; lastKnownFileType = sourcecode.swift; path = HomeVC.swift; sourceTree = "<group>"; };
		CF79914226773F5300B00F54 /* Base */ = {isa = PBXFileReference; lastKnownFileType = file.storyboard; name = Base; path = Base.lproj/Main.storyboard; sourceTree = "<group>"; };
		CF79914426773F5400B00F54 /* Assets.xcassets */ = {isa = PBXFileReference; lastKnownFileType = folder.assetcatalog; path = Assets.xcassets; sourceTree = "<group>"; };
		CF79914726773F5400B00F54 /* Base */ = {isa = PBXFileReference; lastKnownFileType = file.storyboard; name = Base; path = Base.lproj/LaunchScreen.storyboard; sourceTree = "<group>"; };
		CF79914926773F5400B00F54 /* Info.plist */ = {isa = PBXFileReference; lastKnownFileType = text.plist.xml; path = Info.plist; sourceTree = "<group>"; };
		CF799158267741B200B00F54 /* TeamCell.swift */ = {isa = PBXFileReference; lastKnownFileType = sourcecode.swift; path = TeamCell.swift; sourceTree = "<group>"; };
		CF799159267741B200B00F54 /* TeamCell.xib */ = {isa = PBXFileReference; lastKnownFileType = file.xib; path = TeamCell.xib; sourceTree = "<group>"; };
		CF79915D26774FBA00B00F54 /* FavouritesVC.swift */ = {isa = PBXFileReference; lastKnownFileType = sourcecode.swift; path = FavouritesVC.swift; sourceTree = "<group>"; };
/* End PBXFileReference section */

/* Begin PBXFrameworksBuildPhase section */
		CF79913526773F5300B00F54 /* Frameworks */ = {
			isa = PBXFrameworksBuildPhase;
			buildActionMask = 2147483647;
			files = (
			);
			runOnlyForDeploymentPostprocessing = 0;
		};
/* End PBXFrameworksBuildPhase section */

/* Begin PBXGroup section */
		CF4920CD267B66E5003A4716 /* Model */ = {
			isa = PBXGroup;
			children = (
				CF4920CF267B6714003A4716 /* TeamDetailItemType.swift */,
				CF4920D2267B679C003A4716 /* TeamDetailItem.swift */,
				CF4920D5267B67E8003A4716 /* BannerItem.swift */,
				CF4920D8267B68AC003A4716 /* InfoItem.swift */,
			);
			path = Model;
			sourceTree = "<group>";
		};
		CF4920DC267B6AD3003A4716 /* TeamCell */ = {
			isa = PBXGroup;
			children = (
				CF799158267741B200B00F54 /* TeamCell.swift */,
				CF799159267741B200B00F54 /* TeamCell.xib */,
			);
			path = TeamCell;
			sourceTree = "<group>";
		};
		CF4920DD267B6ADE003A4716 /* BannerItemCell */ = {
			isa = PBXGroup;
			children = (
				CF4920E3267B6B21003A4716 /* BannerItemCell.swift */,
				CF4920E4267B6B21003A4716 /* BannerItemCell.xib */,
			);
			path = BannerItemCell;
			sourceTree = "<group>";
		};
		CF4920E8267B6B28003A4716 /* InfoItemCell */ = {
			isa = PBXGroup;
			children = (
				CF4920E9267B6B37003A4716 /* InfoItemCell.swift */,
				CF4920EA267B6B37003A4716 /* InfoItemCell.xib */,
			);
			path = InfoItemCell;
			sourceTree = "<group>";
		};
		CF4920EE267B7220003A4716 /* Extension */ = {
			isa = PBXGroup;
			children = (
				CF4920EF267B7251003A4716 /* UIImageView.swift */,
			);
			path = Extension;
			sourceTree = "<group>";
		};
		CF79912F26773F5300B00F54 = {
			isa = PBXGroup;
			children = (
				CF79913A26773F5300B00F54 /* Formula 1 Team */,
				CF79913926773F5300B00F54 /* Products */,
			);
			sourceTree = "<group>";
		};
		CF79913926773F5300B00F54 /* Products */ = {
			isa = PBXGroup;
			children = (
				CF79913826773F5300B00F54 /* Formula 1 Team.app */,
			);
			name = Products;
			sourceTree = "<group>";
		};
		CF79913A26773F5300B00F54 /* Formula 1 Team */ = {
			isa = PBXGroup;
			children = (
				CF4920EE267B7220003A4716 /* Extension */,
				CF4920CD267B66E5003A4716 /* Model */,
				CF7991562677419300B00F54 /* View */,
				CF79915426773FB800B00F54 /* Controller */,
				CF79915326773F9500B00F54 /* Storyboard */,
				CF79915026773F7500B00F54 /* Application */,
				CF79914426773F5400B00F54 /* Assets.xcassets */,
				CF79914926773F5400B00F54 /* Info.plist */,
			);
			path = "Formula 1 Team";
			sourceTree = "<group>";
		};
		CF79915026773F7500B00F54 /* Application */ = {
			isa = PBXGroup;
			children = (
				CF79913B26773F5300B00F54 /* AppDelegate.swift */,
				CF79913D26773F5300B00F54 /* SceneDelegate.swift */,
			);
			path = Application;
			sourceTree = "<group>";
		};
		CF79915326773F9500B00F54 /* Storyboard */ = {
			isa = PBXGroup;
			children = (
				CF79914126773F5300B00F54 /* Main.storyboard */,
				CF79914626773F5400B00F54 /* LaunchScreen.storyboard */,
			);
			path = Storyboard;
			sourceTree = "<group>";
		};
		CF79915426773FB800B00F54 /* Controller */ = {
			isa = PBXGroup;
			children = (
				CF79913F26773F5300B00F54 /* HomeVC.swift */,
				CF492101267B76BE003A4716 /* TeamDetailVC.swift */,
				CF79915D26774FBA00B00F54 /* FavouritesVC.swift */,
			);
			path = Controller;
			sourceTree = "<group>";
		};
		CF7991562677419300B00F54 /* View */ = {
			isa = PBXGroup;
			children = (
				CF492102267B76BE003A4716 /* TeamDetailVC.xib */,
				CF7991572677419800B00F54 /* Table Cell */,
			);
			path = View;
			sourceTree = "<group>";
		};
		CF7991572677419800B00F54 /* Table Cell */ = {
			isa = PBXGroup;
			children = (
				CF4920E8267B6B28003A4716 /* InfoItemCell */,
				CF4920DD267B6ADE003A4716 /* BannerItemCell */,
				CF4920DC267B6AD3003A4716 /* TeamCell */,
			);
			path = "Table Cell";
			sourceTree = "<group>";
		};
/* End PBXGroup section */

/* Begin PBXNativeTarget section */
		CF79913726773F5300B00F54 /* Formula 1 Team */ = {
			isa = PBXNativeTarget;
			buildConfigurationList = CF79914C26773F5400B00F54 /* Build configuration list for PBXNativeTarget "Formula 1 Team" */;
			buildPhases = (
				CF79913426773F5300B00F54 /* Sources */,
				CF79913526773F5300B00F54 /* Frameworks */,
				CF79913626773F5300B00F54 /* Resources */,
			);
			buildRules = (
			);
			dependencies = (
			);
			name = "Formula 1 Team";
			productName = "Formula 1 Team";
			productReference = CF79913826773F5300B00F54 /* Formula 1 Team.app */;
			productType = "com.apple.product-type.application";
		};
/* End PBXNativeTarget section */

/* Begin PBXProject section */
		CF79913026773F5300B00F54 /* Project object */ = {
			isa = PBXProject;
			attributes = {
				LastSwiftUpdateCheck = 1240;
				LastUpgradeCheck = 1240;
				TargetAttributes = {
					CF79913726773F5300B00F54 = {
						CreatedOnToolsVersion = 12.4;
					};
				};
			};
			buildConfigurationList = CF79913326773F5300B00F54 /* Build configuration list for PBXProject "Formula 1 Team" */;
			compatibilityVersion = "Xcode 9.3";
			developmentRegion = en;
			hasScannedForEncodings = 0;
			knownRegions = (
				en,
				Base,
			);
			mainGroup = CF79912F26773F5300B00F54;
			productRefGroup = CF79913926773F5300B00F54 /* Products */;
			projectDirPath = "";
			projectRoot = "";
			targets = (
				CF79913726773F5300B00F54 /* Formula 1 Team */,
			);
		};
/* End PBXProject section */

/* Begin PBXResourcesBuildPhase section */
		CF79913626773F5300B00F54 /* Resources */ = {
			isa = PBXResourcesBuildPhase;
			buildActionMask = 2147483647;
			files = (
				CF79915B267741B200B00F54 /* TeamCell.xib in Resources */,
				CF4920E6267B6B21003A4716 /* BannerItemCell.xib in Resources */,
				CF79914826773F5400B00F54 /* LaunchScreen.storyboard in Resources */,
				CF79914526773F5400B00F54 /* Assets.xcassets in Resources */,
				CF492104267B76BE003A4716 /* TeamDetailVC.xib in Resources */,
				CF4920EC267B6B37003A4716 /* InfoItemCell.xib in Resources */,
				CF79914326773F5300B00F54 /* Main.storyboard in Resources */,
			);
			runOnlyForDeploymentPostprocessing = 0;
		};
/* End PBXResourcesBuildPhase section */

/* Begin PBXSourcesBuildPhase section */
		CF79913426773F5300B00F54 /* Sources */ = {
			isa = PBXSourcesBuildPhase;
			buildActionMask = 2147483647;
			files = (
				CF4920D3267B679C003A4716 /* TeamDetailItem.swift in Sources */,
				CF79915A267741B200B00F54 /* TeamCell.swift in Sources */,
				CF79915E26774FBA00B00F54 /* FavouritesVC.swift in Sources */,
				CF79914026773F5300B00F54 /* HomeVC.swift in Sources */,
				CF4920EB267B6B37003A4716 /* InfoItemCell.swift in Sources */,
				CF79913C26773F5300B00F54 /* AppDelegate.swift in Sources */,
				CF492103267B76BE003A4716 /* TeamDetailVC.swift in Sources */,
				CF4920D9267B68AC003A4716 /* InfoItem.swift in Sources */,
				CF4920E5267B6B21003A4716 /* BannerItemCell.swift in Sources */,
				CF4920D0267B6714003A4716 /* TeamDetailItemType.swift in Sources */,
				CF4920F0267B7251003A4716 /* UIImageView.swift in Sources */,
				CF4920D6267B67E8003A4716 /* BannerItem.swift in Sources */,
				CF79913E26773F5300B00F54 /* SceneDelegate.swift in Sources */,
			);
			runOnlyForDeploymentPostprocessing = 0;
		};
/* End PBXSourcesBuildPhase section */

/* Begin PBXVariantGroup section */
		CF79914126773F5300B00F54 /* Main.storyboard */ = {
			isa = PBXVariantGroup;
			children = (
				CF79914226773F5300B00F54 /* Base */,
			);
			name = Main.storyboard;
			sourceTree = "<group>";
		};
		CF79914626773F5400B00F54 /* LaunchScreen.storyboard */ = {
			isa = PBXVariantGroup;
			children = (
				CF79914726773F5400B00F54 /* Base */,
			);
			name = LaunchScreen.storyboard;
			sourceTree = "<group>";
		};
/* End PBXVariantGroup section */

/* Begin XCBuildConfiguration section */
		CF79914A26773F5400B00F54 /* Debug */ = {
			isa = XCBuildConfiguration;
			buildSettings = {
				ALWAYS_SEARCH_USER_PATHS = NO;
				CLANG_ANALYZER_NONNULL = YES;
				CLANG_ANALYZER_NUMBER_OBJECT_CONVERSION = YES_AGGRESSIVE;
				CLANG_CXX_LANGUAGE_STANDARD = "gnu++14";
				CLANG_CXX_LIBRARY = "libc++";
				CLANG_ENABLE_MODULES = YES;
				CLANG_ENABLE_OBJC_ARC = YES;
				CLANG_ENABLE_OBJC_WEAK = YES;
				CLANG_WARN_BLOCK_CAPTURE_AUTORELEASING = YES;
				CLANG_WARN_BOOL_CONVERSION = YES;
				CLANG_WARN_COMMA = YES;
				CLANG_WARN_CONSTANT_CONVERSION = YES;
				CLANG_WARN_DEPRECATED_OBJC_IMPLEMENTATIONS = YES;
				CLANG_WARN_DIRECT_OBJC_ISA_USAGE = YES_ERROR;
				CLANG_WARN_DOCUMENTATION_COMMENTS = YES;
				CLANG_WARN_EMPTY_BODY = YES;
				CLANG_WARN_ENUM_CONVERSION = YES;
				CLANG_WARN_INFINITE_RECURSION = YES;
				CLANG_WARN_INT_CONVERSION = YES;
				CLANG_WARN_NON_LITERAL_NULL_CONVERSION = YES;
				CLANG_WARN_OBJC_IMPLICIT_RETAIN_SELF = YES;
				CLANG_WARN_OBJC_LITERAL_CONVERSION = YES;
				CLANG_WARN_OBJC_ROOT_CLASS = YES_ERROR;
				CLANG_WARN_QUOTED_INCLUDE_IN_FRAMEWORK_HEADER = YES;
				CLANG_WARN_RANGE_LOOP_ANALYSIS = YES;
				CLANG_WARN_STRICT_PROTOTYPES = YES;
				CLANG_WARN_SUSPICIOUS_MOVE = YES;
				CLANG_WARN_UNGUARDED_AVAILABILITY = YES_AGGRESSIVE;
				CLANG_WARN_UNREACHABLE_CODE = YES;
				CLANG_WARN__DUPLICATE_METHOD_MATCH = YES;
				COPY_PHASE_STRIP = NO;
				DEBUG_INFORMATION_FORMAT = dwarf;
				ENABLE_STRICT_OBJC_MSGSEND = YES;
				ENABLE_TESTABILITY = YES;
				GCC_C_LANGUAGE_STANDARD = gnu11;
				GCC_DYNAMIC_NO_PIC = NO;
				GCC_NO_COMMON_BLOCKS = YES;
				GCC_OPTIMIZATION_LEVEL = 0;
				GCC_PREPROCESSOR_DEFINITIONS = (
					"DEBUG=1",
					"$(inherited)",
				);
				GCC_WARN_64_TO_32_BIT_CONVERSION = YES;
				GCC_WARN_ABOUT_RETURN_TYPE = YES_ERROR;
				GCC_WARN_UNDECLARED_SELECTOR = YES;
				GCC_WARN_UNINITIALIZED_AUTOS = YES_AGGRESSIVE;
				GCC_WARN_UNUSED_FUNCTION = YES;
				GCC_WARN_UNUSED_VARIABLE = YES;
				IPHONEOS_DEPLOYMENT_TARGET = 14.4;
				MTL_ENABLE_DEBUG_INFO = INCLUDE_SOURCE;
				MTL_FAST_MATH = YES;
				ONLY_ACTIVE_ARCH = YES;
				SDKROOT = iphoneos;
				SWIFT_ACTIVE_COMPILATION_CONDITIONS = DEBUG;
				SWIFT_OPTIMIZATION_LEVEL = "-Onone";
			};
			name = Debug;
		};
		CF79914B26773F5400B00F54 /* Release */ = {
			isa = XCBuildConfiguration;
			buildSettings = {
				ALWAYS_SEARCH_USER_PATHS = NO;
				CLANG_ANALYZER_NONNULL = YES;
				CLANG_ANALYZER_NUMBER_OBJECT_CONVERSION = YES_AGGRESSIVE;
				CLANG_CXX_LANGUAGE_STANDARD = "gnu++14";
				CLANG_CXX_LIBRARY = "libc++";
				CLANG_ENABLE_MODULES = YES;
				CLANG_ENABLE_OBJC_ARC = YES;
				CLANG_ENABLE_OBJC_WEAK = YES;
				CLANG_WARN_BLOCK_CAPTURE_AUTORELEASING = YES;
				CLANG_WARN_BOOL_CONVERSION = YES;
				CLANG_WARN_COMMA = YES;
				CLANG_WARN_CONSTANT_CONVERSION = YES;
				CLANG_WARN_DEPRECATED_OBJC_IMPLEMENTATIONS = YES;
				CLANG_WARN_DIRECT_OBJC_ISA_USAGE = YES_ERROR;
				CLANG_WARN_DOCUMENTATION_COMMENTS = YES;
				CLANG_WARN_EMPTY_BODY = YES;
				CLANG_WARN_ENUM_CONVERSION = YES;
				CLANG_WARN_INFINITE_RECURSION = YES;
				CLANG_WARN_INT_CONVERSION = YES;
				CLANG_WARN_NON_LITERAL_NULL_CONVERSION = YES;
				CLANG_WARN_OBJC_IMPLICIT_RETAIN_SELF = YES;
				CLANG_WARN_OBJC_LITERAL_CONVERSION = YES;
				CLANG_WARN_OBJC_ROOT_CLASS = YES_ERROR;
				CLANG_WARN_QUOTED_INCLUDE_IN_FRAMEWORK_HEADER = YES;
				CLANG_WARN_RANGE_LOOP_ANALYSIS = YES;
				CLANG_WARN_STRICT_PROTOTYPES = YES;
				CLANG_WARN_SUSPICIOUS_MOVE = YES;
				CLANG_WARN_UNGUARDED_AVAILABILITY = YES_AGGRESSIVE;
				CLANG_WARN_UNREACHABLE_CODE = YES;
				CLANG_WARN__DUPLICATE_METHOD_MATCH = YES;
				COPY_PHASE_STRIP = NO;
				DEBUG_INFORMATION_FORMAT = "dwarf-with-dsym";
				ENABLE_NS_ASSERTIONS = NO;
				ENABLE_STRICT_OBJC_MSGSEND = YES;
				GCC_C_LANGUAGE_STANDARD = gnu11;
				GCC_NO_COMMON_BLOCKS = YES;
				GCC_WARN_64_TO_32_BIT_CONVERSION = YES;
				GCC_WARN_ABOUT_RETURN_TYPE = YES_ERROR;
				GCC_WARN_UNDECLARED_SELECTOR = YES;
				GCC_WARN_UNINITIALIZED_AUTOS = YES_AGGRESSIVE;
				GCC_WARN_UNUSED_FUNCTION = YES;
				GCC_WARN_UNUSED_VARIABLE = YES;
				IPHONEOS_DEPLOYMENT_TARGET = 14.4;
				MTL_ENABLE_DEBUG_INFO = NO;
				MTL_FAST_MATH = YES;
				SDKROOT = iphoneos;
				SWIFT_COMPILATION_MODE = wholemodule;
				SWIFT_OPTIMIZATION_LEVEL = "-O";
				VALIDATE_PRODUCT = YES;
			};
			name = Release;
		};
		CF79914D26773F5400B00F54 /* Debug */ = {
			isa = XCBuildConfiguration;
			buildSettings = {
				ASSETCATALOG_COMPILER_APPICON_NAME = AppIcon;
				ASSETCATALOG_COMPILER_GLOBAL_ACCENT_COLOR_NAME = AccentColor;
				CODE_SIGN_STYLE = Automatic;
				INFOPLIST_FILE = "Formula 1 Team/Info.plist";
				LD_RUNPATH_SEARCH_PATHS = (
					"$(inherited)",
					"@executable_path/Frameworks",
				);
				PRODUCT_BUNDLE_IDENTIFIER = "dev.rudiyanto.formula-one-team";
				PRODUCT_NAME = "$(TARGET_NAME)";
				SWIFT_VERSION = 5.0;
				TARGETED_DEVICE_FAMILY = "1,2";
			};
			name = Debug;
		};
		CF79914E26773F5400B00F54 /* Release */ = {
			isa = XCBuildConfiguration;
			buildSettings = {
				ASSETCATALOG_COMPILER_APPICON_NAME = AppIcon;
				ASSETCATALOG_COMPILER_GLOBAL_ACCENT_COLOR_NAME = AccentColor;
				CODE_SIGN_STYLE = Automatic;
				INFOPLIST_FILE = "Formula 1 Team/Info.plist";
				LD_RUNPATH_SEARCH_PATHS = (
					"$(inherited)",
					"@executable_path/Frameworks",
				);
				PRODUCT_BUNDLE_IDENTIFIER = "dev.rudiyanto.formula-one-team";
				PRODUCT_NAME = "$(TARGET_NAME)";
				SWIFT_VERSION = 5.0;
				TARGETED_DEVICE_FAMILY = "1,2";
			};
			name = Release;
		};
/* End XCBuildConfiguration section */

/* Begin XCConfigurationList section */
		CF79913326773F5300B00F54 /* Build configuration list for PBXProject "Formula 1 Team" */ = {
			isa = XCConfigurationList;
			buildConfigurations = (
				CF79914A26773F5400B00F54 /* Debug */,
				CF79914B26773F5400B00F54 /* Release */,
			);
			defaultConfigurationIsVisible = 0;
			defaultConfigurationName = Release;
		};
		CF79914C26773F5400B00F54 /* Build configuration list for PBXNativeTarget "Formula 1 Team" */ = {
			isa = XCConfigurationList;
			buildConfigurations = (
				CF79914D26773F5400B00F54 /* Debug */,
				CF79914E26773F5400B00F54 /* Release */,
			);
			defaultConfigurationIsVisible = 0;
			defaultConfigurationName = Release;
		};
/* End XCConfigurationList section */
	};
	rootObject = CF79913026773F5300B00F54 /* Project object */;
}
